
Microsoft Visual Studio Solution File, Format Version 12.00
# Visual Studio Version 16
VisualStudioVersion = 16.0.31424.327
MinimumVisualStudioVersion = 10.0.40219.1
Project("{888888A0-9F3D-457C-B088-3A5042F75D52}") = "AlgoExpert Solutions", "AlgoExpert Solutions\AlgoExpert Solutions.pyproj", "{B4824D7A-1304-4D6F-951B-B904F1F15756}"
EndProject
Global
	GlobalSection(SolutionConfigurationPlatforms) = preSolution
		Debug|Any CPU = Debug|Any CPU
		Release|Any CPU = Release|Any CPU
	EndGlobalSection
	GlobalSection(ProjectConfigurationPlatforms) = postSolution
		{B4824D7A-1304-4D6F-951B-B904F1F15756}.Debug|Any CPU.ActiveCfg = Debug|Any CPU
		{B4824D7A-1304-4D6F-951B-B904F1F15756}.Release|Any CPU.ActiveCfg = Release|Any CPU
	EndGlobalSection
	GlobalSection(SolutionProperties) = preSolution
		HideSolutionNode = FALSE
	EndGlobalSection
	GlobalSection(ExtensibilityGlobals) = postSolution
		SolutionGuid = {7AE44E37-5116-4474-97E3-4DF549EDCDA4}
	EndGlobalSection
EndGlobal
